
Microsoft Visual Studio Solution File, Format Version 12.00
# Visual Studio 15
VisualStudioVersion = 15.0.28307.757
MinimumVisualStudioVersion = 10.0.40219.1
Project("{FAE04EC0-301F-11D3-BF4B-00C04F79EFBC}") = "FirstWebProject", "WebApplication5\FirstWebProject.csproj", "{F416A88D-72AC-4554-BFA9-EF1453699122}"
EndProject
Global
	GlobalSection(SolutionConfigurationPlatforms) = preSolution
		Debug|Any CPU = Debug|Any CPU
		Release|Any CPU = Release|Any CPU
	EndGlobalSection
	GlobalSection(ProjectConfigurationPlatforms) = postSolution
		{F416A88D-72AC-4554-BFA9-EF1453699122}.Debug|Any CPU.ActiveCfg = Debug|Any CPU
		{F416A88D-72AC-4554-BFA9-EF1453699122}.Debug|Any CPU.Build.0 = Debug|Any CPU
		{F416A88D-72AC-4554-BFA9-EF1453699122}.Release|Any CPU.ActiveCfg = Release|Any CPU
		{F416A88D-72AC-4554-BFA9-EF1453699122}.Release|Any CPU.Build.0 = Release|Any CPU
	EndGlobalSection
	GlobalSection(SolutionProperties) = preSolution
		HideSolutionNode = FALSE
	EndGlobalSection
	GlobalSection(ExtensibilityGlobals) = postSolution
		SolutionGuid = {31302AC9-D157-47F9-881E-F146951EEF13}
	EndGlobalSection
EndGlobal
